
Microsoft Visual Studio Solution File, Format Version 12.00
Project("{2150E333-8FDC-42A3-9474-1A3956D46DE8}") = "Domain", "Domain", "{3C1A8F03-317C-479C-A45D-3C9C9A99E7DB}"
EndProject
Project("{2150E333-8FDC-42A3-9474-1A3956D46DE8}") = "Application", "Application", "{EC68131D-22E3-4610-ACA5-55D173D20EC1}"
EndProject
Project("{2150E333-8FDC-42A3-9474-1A3956D46DE8}") = "Infrastructure", "Infrastructure", "{F03AB9BA-1D24-4593-BA91-593356724478}"
EndProject
Project("{2150E333-8FDC-42A3-9474-1A3956D46DE8}") = "Presentation", "Presentation", "{9D8C68CD-C389-455D-B4AF-CD30849F74F6}"
EndProject
Project("{FAE04EC0-301F-11D3-BF4B-00C04F79EFBC}") = "MarketAPI.Domain", "MarketAPI.Domain\MarketAPI.Domain.csproj", "{D8FD6537-D625-4B05-90ED-A62AFF729BA6}"
EndProject
Project("{FAE04EC0-301F-11D3-BF4B-00C04F79EFBC}") = "MarketAPI.Application", "MarketAPI.Application\MarketAPI.Application.csproj", "{E834358C-2E10-4202-A714-7985B6011419}"
EndProject
Project("{FAE04EC0-301F-11D3-BF4B-00C04F79EFBC}") = "MarketAPI.Infrastructure", "MarketAPI.Infrastructure\MarketAPI.Infrastructure.csproj", "{5743C99F-7012-4191-982E-69F337917558}"
EndProject
Project("{FAE04EC0-301F-11D3-BF4B-00C04F79EFBC}") = "MarketAPI.Persistence", "MarketAPI.Persistence\MarketAPI.Persistence.csproj", "{308D65EB-4B69-4688-99B3-8502F524704D}"
EndProject
Project("{FAE04EC0-301F-11D3-BF4B-00C04F79EFBC}") = "MarketAPI.Presentation", "MarketAPI.Presentation\MarketAPI.Presentation.csproj", "{501A6BF1-0B0B-407D-960B-87F325072C2B}"
EndProject
Project("{2150E333-8FDC-42A3-9474-1A3956D46DE8}") = "XUnit", "XUnit", "{074F0A96-D1EF-4F56-98D4-03F181D89525}"
EndProject
Project("{FAE04EC0-301F-11D3-BF4B-00C04F79EFBC}") = "MarketAPI.Tests", "MarketAPI.Tests\MarketAPI.Tests.csproj", "{F26D84E1-8C29-4CAC-9F79-6491E1198453}"
EndProject
Global
	GlobalSection(SolutionConfigurationPlatforms) = preSolution
		Debug|Any CPU = Debug|Any CPU
		Release|Any CPU = Release|Any CPU
	EndGlobalSection
	GlobalSection(NestedProjects) = preSolution
		{D8FD6537-D625-4B05-90ED-A62AFF729BA6} = {3C1A8F03-317C-479C-A45D-3C9C9A99E7DB}
		{E834358C-2E10-4202-A714-7985B6011419} = {EC68131D-22E3-4610-ACA5-55D173D20EC1}
		{5743C99F-7012-4191-982E-69F337917558} = {F03AB9BA-1D24-4593-BA91-593356724478}
		{308D65EB-4B69-4688-99B3-8502F524704D} = {F03AB9BA-1D24-4593-BA91-593356724478}
		{501A6BF1-0B0B-407D-960B-87F325072C2B} = {9D8C68CD-C389-455D-B4AF-CD30849F74F6}
		{F26D84E1-8C29-4CAC-9F79-6491E1198453} = {074F0A96-D1EF-4F56-98D4-03F181D89525}
	EndGlobalSection
	GlobalSection(ProjectConfigurationPlatforms) = postSolution
		{D8FD6537-D625-4B05-90ED-A62AFF729BA6}.Debug|Any CPU.ActiveCfg = Debug|Any CPU
		{D8FD6537-D625-4B05-90ED-A62AFF729BA6}.Debug|Any CPU.Build.0 = Debug|Any CPU
		{D8FD6537-D625-4B05-90ED-A62AFF729BA6}.Release|Any CPU.ActiveCfg = Release|Any CPU
		{D8FD6537-D625-4B05-90ED-A62AFF729BA6}.Release|Any CPU.Build.0 = Release|Any CPU
		{E834358C-2E10-4202-A714-7985B6011419}.Debug|Any CPU.ActiveCfg = Debug|Any CPU
		{E834358C-2E10-4202-A714-7985B6011419}.Debug|Any CPU.Build.0 = Debug|Any CPU
		{E834358C-2E10-4202-A714-7985B6011419}.Release|Any CPU.ActiveCfg = Release|Any CPU
		{E834358C-2E10-4202-A714-7985B6011419}.Release|Any CPU.Build.0 = Release|Any CPU
		{5743C99F-7012-4191-982E-69F337917558}.Debug|Any CPU.ActiveCfg = Debug|Any CPU
		{5743C99F-7012-4191-982E-69F337917558}.Debug|Any CPU.Build.0 = Debug|Any CPU
		{5743C99F-7012-4191-982E-69F337917558}.Release|Any CPU.ActiveCfg = Release|Any CPU
		{5743C99F-7012-4191-982E-69F337917558}.Release|Any CPU.Build.0 = Release|Any CPU
		{308D65EB-4B69-4688-99B3-8502F524704D}.Debug|Any CPU.ActiveCfg = Debug|Any CPU
		{308D65EB-4B69-4688-99B3-8502F524704D}.Debug|Any CPU.Build.0 = Debug|Any CPU
		{308D65EB-4B69-4688-99B3-8502F524704D}.Release|Any CPU.ActiveCfg = Release|Any CPU
		{308D65EB-4B69-4688-99B3-8502F524704D}.Release|Any CPU.Build.0 = Release|Any CPU
		{501A6BF1-0B0B-407D-960B-87F325072C2B}.Debug|Any CPU.ActiveCfg = Debug|Any CPU
		{501A6BF1-0B0B-407D-960B-87F325072C2B}.Debug|Any CPU.Build.0 = Debug|Any CPU
		{501A6BF1-0B0B-407D-960B-87F325072C2B}.Release|Any CPU.ActiveCfg = Release|Any CPU
		{501A6BF1-0B0B-407D-960B-87F325072C2B}.Release|Any CPU.Build.0 = Release|Any CPU
		{F26D84E1-8C29-4CAC-9F79-6491E1198453}.Debug|Any CPU.ActiveCfg = Debug|Any CPU
		{F26D84E1-8C29-4CAC-9F79-6491E1198453}.Debug|Any CPU.Build.0 = Debug|Any CPU
		{F26D84E1-8C29-4CAC-9F79-6491E1198453}.Release|Any CPU.ActiveCfg = Release|Any CPU
		{F26D84E1-8C29-4CAC-9F79-6491E1198453}.Release|Any CPU.Build.0 = Release|Any CPU
	EndGlobalSection
EndGlobal
